
Microsoft Visual Studio Solution File, Format Version 12.00
# Visual Studio Version 17
VisualStudioVersion = 17.6.33723.286
MinimumVisualStudioVersion = 10.0.40219.1
Project("{2150E333-8FDC-42A3-9474-1A3956D46DE8}") = "Application", "Application", "{8256ADB6-97AB-4128-9819-5B53CFA1D908}"
EndProject
Project("{2150E333-8FDC-42A3-9474-1A3956D46DE8}") = "Domain", "Domain", "{11D1E176-B372-4427-B025-860E55FB49A5}"
EndProject
Project("{2150E333-8FDC-42A3-9474-1A3956D46DE8}") = "Infrastructure.Data", "Infrastructure.Data", "{0A2DDADB-1174-4606-8F8D-B12333064EF7}"
EndProject
Project("{2150E333-8FDC-42A3-9474-1A3956D46DE8}") = "Infrastructure.IoC", "Infrastructure.IoC", "{DB749556-863E-47E3-82ED-EA5A4710F2B3}"
EndProject
Project("{2150E333-8FDC-42A3-9474-1A3956D46DE8}") = "Presentation", "Presentation", "{C3313D34-78E4-429B-8A69-952E1FBC39AB}"
EndProject
Project("{9A19103F-16F7-4668-BE54-9A1E7A4F7556}") = "Web.Mvc", "CleanArchitecture.Mvc\Web.Mvc.csproj", "{C159980C-A6EA-4FA3-8ADE-04FC3D15E14A}"
EndProject
Project("{FAE04EC0-301F-11D3-BF4B-00C04F79EFBC}") = "Domain", "Domain\Domain.csproj", "{5FAC24BF-BE8E-40C6-A008-BC25A424E82E}"
EndProject
Global
	GlobalSection(SolutionConfigurationPlatforms) = preSolution
		Debug|Any CPU = Debug|Any CPU
		Release|Any CPU = Release|Any CPU
	EndGlobalSection
	GlobalSection(ProjectConfigurationPlatforms) = postSolution
		{C159980C-A6EA-4FA3-8ADE-04FC3D15E14A}.Debug|Any CPU.ActiveCfg = Debug|Any CPU
		{C159980C-A6EA-4FA3-8ADE-04FC3D15E14A}.Debug|Any CPU.Build.0 = Debug|Any CPU
		{C159980C-A6EA-4FA3-8ADE-04FC3D15E14A}.Release|Any CPU.ActiveCfg = Release|Any CPU
		{C159980C-A6EA-4FA3-8ADE-04FC3D15E14A}.Release|Any CPU.Build.0 = Release|Any CPU
		{5FAC24BF-BE8E-40C6-A008-BC25A424E82E}.Debug|Any CPU.ActiveCfg = Debug|Any CPU
		{5FAC24BF-BE8E-40C6-A008-BC25A424E82E}.Debug|Any CPU.Build.0 = Debug|Any CPU
		{5FAC24BF-BE8E-40C6-A008-BC25A424E82E}.Release|Any CPU.ActiveCfg = Release|Any CPU
		{5FAC24BF-BE8E-40C6-A008-BC25A424E82E}.Release|Any CPU.Build.0 = Release|Any CPU
	EndGlobalSection
	GlobalSection(SolutionProperties) = preSolution
		HideSolutionNode = FALSE
	EndGlobalSection
	GlobalSection(NestedProjects) = preSolution
		{C159980C-A6EA-4FA3-8ADE-04FC3D15E14A} = {C3313D34-78E4-429B-8A69-952E1FBC39AB}
		{5FAC24BF-BE8E-40C6-A008-BC25A424E82E} = {11D1E176-B372-4427-B025-860E55FB49A5}
	EndGlobalSection
	GlobalSection(ExtensibilityGlobals) = postSolution
		SolutionGuid = {47C29CA8-402D-4A9F-9EA5-297231EBFD79}
	EndGlobalSection
EndGlobal
